
Microsoft Visual Studio Solution File, Format Version 12.00
# Visual Studio Version 17
VisualStudioVersion = 17.2.32210.308
MinimumVisualStudioVersion = 10.0.40219.1
Project("{9A19103F-16F7-4668-BE54-9A1E7A4F7556}") = "BlazorServerDataGridSampleWithDataChart", "BlazorServerDataGridSampleWithDataChart\BlazorServerDataGridSampleWithDataChart.csproj", "{A266331E-D773-4CF7-B7BB-65112DA9673B}"
EndProject
Global
	GlobalSection(SolutionConfigurationPlatforms) = preSolution
		Debug|Any CPU = Debug|Any CPU
		Release|Any CPU = Release|Any CPU
	EndGlobalSection
	GlobalSection(ProjectConfigurationPlatforms) = postSolution
		{A266331E-D773-4CF7-B7BB-65112DA9673B}.Debug|Any CPU.ActiveCfg = Debug|Any CPU
		{A266331E-D773-4CF7-B7BB-65112DA9673B}.Debug|Any CPU.Build.0 = Debug|Any CPU
		{A266331E-D773-4CF7-B7BB-65112DA9673B}.Release|Any CPU.ActiveCfg = Release|Any CPU
		{A266331E-D773-4CF7-B7BB-65112DA9673B}.Release|Any CPU.Build.0 = Release|Any CPU
	EndGlobalSection
	GlobalSection(SolutionProperties) = preSolution
		HideSolutionNode = FALSE
	EndGlobalSection
	GlobalSection(ExtensibilityGlobals) = postSolution
		SolutionGuid = {528729A3-07DF-4C46-B21C-F5757DD5F3CD}
	EndGlobalSection
EndGlobal
